// !$*UTF8*$!
{
	archiveVersion = 1;
	classes = {
	};
	objectVersion = 46;
	objects = {

/* Begin PBXBuildFile section */
		1C51B2291580995C002E4B13 /* cordova in Resources */ = {isa = PBXBuildFile; fileRef = 1C51B2281580995C002E4B13 /* cordova */; };
		1CA9F00715804A0000BF7AA6 /* Foundation.framework in Frameworks */ = {isa = PBXBuildFile; fileRef = 1CA9F00615804A0000BF7AA6 /* Foundation.framework */; };
		1CA9F00915804A0000BF7AA6 /* UIKit.framework in Frameworks */ = {isa = PBXBuildFile; fileRef = 1CA9F00815804A0000BF7AA6 /* UIKit.framework */; };
		1CA9F00B15804A0000BF7AA6 /* CoreGraphics.framework in Frameworks */ = {isa = PBXBuildFile; fileRef = 1CA9F00A15804A0000BF7AA6 /* CoreGraphics.framework */; };
		1CA9F00D15804A0000BF7AA6 /* AddressBook.framework in Frameworks */ = {isa = PBXBuildFile; fileRef = 1CA9F00C15804A0000BF7AA6 /* AddressBook.framework */; };
		1CA9F00F15804A0000BF7AA6 /* AddressBookUI.framework in Frameworks */ = {isa = PBXBuildFile; fileRef = 1CA9F00E15804A0000BF7AA6 /* AddressBookUI.framework */; };
		1CA9F01115804A0000BF7AA6 /* AudioToolbox.framework in Frameworks */ = {isa = PBXBuildFile; fileRef = 1CA9F01015804A0000BF7AA6 /* AudioToolbox.framework */; };
		1CA9F01315804A0000BF7AA6 /* AVFoundation.framework in Frameworks */ = {isa = PBXBuildFile; fileRef = 1CA9F01215804A0000BF7AA6 /* AVFoundation.framework */; };
		1CA9F01515804A0000BF7AA6 /* CoreLocation.framework in Frameworks */ = {isa = PBXBuildFile; fileRef = 1CA9F01415804A0000BF7AA6 /* CoreLocation.framework */; };
		1CA9F01715804A0000BF7AA6 /* MediaPlayer.framework in Frameworks */ = {isa = PBXBuildFile; fileRef = 1CA9F01615804A0000BF7AA6 /* MediaPlayer.framework */; };
		1CA9F01915804A0000BF7AA6 /* QuartzCore.framework in Frameworks */ = {isa = PBXBuildFile; fileRef = 1CA9F01815804A0000BF7AA6 /* QuartzCore.framework */; };
		1CA9F01B15804A0000BF7AA6 /* SystemConfiguration.framework in Frameworks */ = {isa = PBXBuildFile; fileRef = 1CA9F01A15804A0000BF7AA6 /* SystemConfiguration.framework */; };
		1CA9F01D15804A0000BF7AA6 /* MobileCoreServices.framework in Frameworks */ = {isa = PBXBuildFile; fileRef = 1CA9F01C15804A0000BF7AA6 /* MobileCoreServices.framework */; };
		1CA9F01F15804A0000BF7AA6 /* CoreMedia.framework in Frameworks */ = {isa = PBXBuildFile; fileRef = 1CA9F01E15804A0000BF7AA6 /* CoreMedia.framework */; };
		1CA9F02515804A0000BF7AA6 /* InfoPlist.strings in Resources */ = {isa = PBXBuildFile; fileRef = 1CA9F02315804A0000BF7AA6 /* InfoPlist.strings */; };
		1CA9F02715804A0000BF7AA6 /* main.m in Sources */ = {isa = PBXBuildFile; fileRef = 1CA9F02615804A0000BF7AA6 /* main.m */; };
		1CA9F02A15804A0000BF7AA6 /* Cordova.framework in Frameworks */ = {isa = PBXBuildFile; fileRef = 1CA9F02915804A0000BF7AA6 /* Cordova.framework */; };
		1CA9F02F15804A0000BF7AA6 /* Localizable.strings in Resources */ = {isa = PBXBuildFile; fileRef = 1CA9F02D15804A0000BF7AA6 /* Localizable.strings */; };
		1CA9F03315804A0000BF7AA6 /* Localizable.strings in Resources */ = {isa = PBXBuildFile; fileRef = 1CA9F03115804A0000BF7AA6 /* Localizable.strings */; };
		1CA9F03715804A0000BF7AA6 /* Localizable.strings in Resources */ = {isa = PBXBuildFile; fileRef = 1CA9F03515804A0000BF7AA6 /* Localizable.strings */; };
		1CA9F03B15804A0000BF7AA6 /* Localizable.strings in Resources */ = {isa = PBXBuildFile; fileRef = 1CA9F03915804A0000BF7AA6 /* Localizable.strings */; };
		1CA9F03E15804A0000BF7AA6 /* icon.png in Resources */ = {isa = PBXBuildFile; fileRef = 1CA9F03D15804A0000BF7AA6 /* icon.png */; };
		1CA9F04015804A0000BF7AA6 /* icon@2x.png in Resources */ = {isa = PBXBuildFile; fileRef = 1CA9F03F15804A0000BF7AA6 /* icon@2x.png */; };
		1CA9F04215804A0000BF7AA6 /* icon-72.png in Resources */ = {isa = PBXBuildFile; fileRef = 1CA9F04115804A0000BF7AA6 /* icon-72.png */; };
		1CA9F04515804A0000BF7AA6 /* Default~iphone.png in Resources */ = {isa = PBXBuildFile; fileRef = 1CA9F04415804A0000BF7AA6 /* Default~iphone.png */; };
		1CA9F04715804A0000BF7AA6 /* Default@2x~iphone.png in Resources */ = {isa = PBXBuildFile; fileRef = 1CA9F04615804A0000BF7AA6 /* Default@2x~iphone.png */; };
		1CA9F04915804A0000BF7AA6 /* Capture.bundle in Resources */ = {isa = PBXBuildFile; fileRef = 1CA9F04815804A0000BF7AA6 /* Capture.bundle */; };
		1CA9F04B15804A0000BF7AA6 /* Cordova.plist in Resources */ = {isa = PBXBuildFile; fileRef = 1CA9F04A15804A0000BF7AA6 /* Cordova.plist */; };
		1CA9F04F15804A0000BF7AA6 /* AppDelegate.m in Sources */ = {isa = PBXBuildFile; fileRef = 1CA9F04E15804A0000BF7AA6 /* AppDelegate.m */; };
		1CA9F05215804A0000BF7AA6 /* MainViewController.m in Sources */ = {isa = PBXBuildFile; fileRef = 1CA9F05115804A0000BF7AA6 /* MainViewController.m */; };
		1CA9F05415804A0000BF7AA6 /* MainViewController.xib in Resources */ = {isa = PBXBuildFile; fileRef = 1CA9F05315804A0000BF7AA6 /* MainViewController.xib */; };
		1CE88E6015804BEC00A9D505 /* CDVBarcodeScanner.mm in Sources */ = {isa = PBXBuildFile; fileRef = 1CE88E5D15804BEC00A9D505 /* CDVBarcodeScanner.mm */; };
		1CE88E6115804BEC00A9D505 /* zxing-all-in-one.cpp in Sources */ = {isa = PBXBuildFile; fileRef = 1CE88E5E15804BEC00A9D505 /* zxing-all-in-one.cpp */; };
		1CE88E6315804C3D00A9D505 /* libiconv.dylib in Frameworks */ = {isa = PBXBuildFile; fileRef = 1CE88E6215804C3D00A9D505 /* libiconv.dylib */; };
		1CE88E6515804C4600A9D505 /* CoreVideo.framework in Frameworks */ = {isa = PBXBuildFile; fileRef = 1CE88E6415804C4600A9D505 /* CoreVideo.framework */; };
		1CE88E6715804CE100A9D505 /* AssetsLibrary.framework in Frameworks */ = {isa = PBXBuildFile; fileRef = 1CE88E6615804CE100A9D505 /* AssetsLibrary.framework */; };
/* End PBXBuildFile section */

/* Begin PBXFileReference section */
		1C51B2281580995C002E4B13 /* cordova */ = {isa = PBXFileReference; lastKnownFileType = folder; name = cordova; path = ../cordova; sourceTree = "<group>"; };
		1CA9F00215804A0000BF7AA6 /* BoozeTrack.app */ = {isa = PBXFileReference; explicitFileType = wrapper.application; includeInIndex = 0; path = BoozeTrack.app; sourceTree = BUILT_PRODUCTS_DIR; };
		1CA9F00615804A0000BF7AA6 /* Foundation.framework */ = {isa = PBXFileReference; lastKnownFileType = wrapper.framework; name = Foundation.framework; path = System/Library/Frameworks/Foundation.framework; sourceTree = SDKROOT; };
		1CA9F00815804A0000BF7AA6 /* UIKit.framework */ = {isa = PBXFileReference; lastKnownFileType = wrapper.framework; name = UIKit.framework; path = System/Library/Frameworks/UIKit.framework; sourceTree = SDKROOT; };
		1CA9F00A15804A0000BF7AA6 /* CoreGraphics.framework */ = {isa = PBXFileReference; lastKnownFileType = wrapper.framework; name = CoreGraphics.framework; path = System/Library/Frameworks/CoreGraphics.framework; sourceTree = SDKROOT; };
		1CA9F00C15804A0000BF7AA6 /* AddressBook.framework */ = {isa = PBXFileReference; lastKnownFileType = wrapper.framework; name = AddressBook.framework; path = System/Library/Frameworks/AddressBook.framework; sourceTree = SDKROOT; };
		1CA9F00E15804A0000BF7AA6 /* AddressBookUI.framework */ = {isa = PBXFileReference; lastKnownFileType = wrapper.framework; name = AddressBookUI.framework; path = System/Library/Frameworks/AddressBookUI.framework; sourceTree = SDKROOT; };
		1CA9F01015804A0000BF7AA6 /* AudioToolbox.framework */ = {isa = PBXFileReference; lastKnownFileType = wrapper.framework; name = AudioToolbox.framework; path = System/Library/Frameworks/AudioToolbox.framework; sourceTree = SDKROOT; };
		1CA9F01215804A0000BF7AA6 /* AVFoundation.framework */ = {isa = PBXFileReference; lastKnownFileType = wrapper.framework; name = AVFoundation.framework; path = System/Library/Frameworks/AVFoundation.framework; sourceTree = SDKROOT; };
		1CA9F01415804A0000BF7AA6 /* CoreLocation.framework */ = {isa = PBXFileReference; lastKnownFileType = wrapper.framework; name = CoreLocation.framework; path = System/Library/Frameworks/CoreLocation.framework; sourceTree = SDKROOT; };
		1CA9F01615804A0000BF7AA6 /* MediaPlayer.framework */ = {isa = PBXFileReference; lastKnownFileType = wrapper.framework; name = MediaPlayer.framework; path = System/Library/Frameworks/MediaPlayer.framework; sourceTree = SDKROOT; };
		1CA9F01815804A0000BF7AA6 /* QuartzCore.framework */ = {isa = PBXFileReference; lastKnownFileType = wrapper.framework; name = QuartzCore.framework; path = System/Library/Frameworks/QuartzCore.framework; sourceTree = SDKROOT; };
		1CA9F01A15804A0000BF7AA6 /* SystemConfiguration.framework */ = {isa = PBXFileReference; lastKnownFileType = wrapper.framework; name = SystemConfiguration.framework; path = System/Library/Frameworks/SystemConfiguration.framework; sourceTree = SDKROOT; };
		1CA9F01C15804A0000BF7AA6 /* MobileCoreServices.framework */ = {isa = PBXFileReference; lastKnownFileType = wrapper.framework; name = MobileCoreServices.framework; path = System/Library/Frameworks/MobileCoreServices.framework; sourceTree = SDKROOT; };
		1CA9F01E15804A0000BF7AA6 /* CoreMedia.framework */ = {isa = PBXFileReference; lastKnownFileType = wrapper.framework; name = CoreMedia.framework; path = System/Library/Frameworks/CoreMedia.framework; sourceTree = SDKROOT; };
		1CA9F02215804A0000BF7AA6 /* BoozeTrack-Info.plist */ = {isa = PBXFileReference; lastKnownFileType = text.plist.xml; path = "BoozeTrack-Info.plist"; sourceTree = "<group>"; };
		1CA9F02415804A0000BF7AA6 /* en */ = {isa = PBXFileReference; lastKnownFileType = text.plist.strings; name = en; path = en.lproj/InfoPlist.strings; sourceTree = "<group>"; };
		1CA9F02615804A0000BF7AA6 /* main.m */ = {isa = PBXFileReference; lastKnownFileType = sourcecode.c.objc; path = main.m; sourceTree = "<group>"; };
		1CA9F02815804A0000BF7AA6 /* BoozeTrack-Prefix.pch */ = {isa = PBXFileReference; lastKnownFileType = sourcecode.c.h; path = "BoozeTrack-Prefix.pch"; sourceTree = "<group>"; };
		1CA9F02915804A0000BF7AA6 /* Cordova.framework */ = {isa = PBXFileReference; lastKnownFileType = wrapper.framework; name = Cordova.framework; path = /Users/Shared/Cordova/Frameworks/Cordova.framework; sourceTree = "<absolute>"; };
		1CA9F02E15804A0000BF7AA6 /* en */ = {isa = PBXFileReference; lastKnownFileType = text.plist.strings; name = en; path = Resources/en.lproj/Localizable.strings; sourceTree = "<group>"; };
		1CA9F03215804A0000BF7AA6 /* es */ = {isa = PBXFileReference; lastKnownFileType = text.plist.strings; name = es; path = Resources/es.lproj/Localizable.strings; sourceTree = "<group>"; };
		1CA9F03615804A0000BF7AA6 /* de */ = {isa = PBXFileReference; lastKnownFileType = text.plist.strings; name = de; path = Resources/de.lproj/Localizable.strings; sourceTree = "<group>"; };
		1CA9F03A15804A0000BF7AA6 /* se */ = {isa = PBXFileReference; lastKnownFileType = text.plist.strings; name = se; path = Resources/se.lproj/Localizable.strings; sourceTree = "<group>"; };
		1CA9F03D15804A0000BF7AA6 /* icon.png */ = {isa = PBXFileReference; lastKnownFileType = image.png; name = icon.png; path = Resources/icons/icon.png; sourceTree = "<group>"; };
		1CA9F03F15804A0000BF7AA6 /* icon@2x.png */ = {isa = PBXFileReference; lastKnownFileType = image.png; name = "icon@2x.png"; path = "Resources/icons/icon@2x.png"; sourceTree = "<group>"; };
		1CA9F04115804A0000BF7AA6 /* icon-72.png */ = {isa = PBXFileReference; lastKnownFileType = image.png; name = "icon-72.png"; path = "Resources/icons/icon-72.png"; sourceTree = "<group>"; };
		1CA9F04415804A0000BF7AA6 /* Default~iphone.png */ = {isa = PBXFileReference; lastKnownFileType = image.png; name = "Default~iphone.png"; path = "Resources/splash/Default~iphone.png"; sourceTree = "<group>"; };
		1CA9F04615804A0000BF7AA6 /* Default@2x~iphone.png */ = {isa = PBXFileReference; lastKnownFileType = image.png; name = "Default@2x~iphone.png"; path = "Resources/splash/Default@2x~iphone.png"; sourceTree = "<group>"; };
		1CA9F04815804A0000BF7AA6 /* Capture.bundle */ = {isa = PBXFileReference; lastKnownFileType = "wrapper.plug-in"; name = Capture.bundle; path = Resources/Capture.bundle; sourceTree = "<group>"; };
		1CA9F04A15804A0000BF7AA6 /* Cordova.plist */ = {isa = PBXFileReference; lastKnownFileType = text.plist.xml; path = Cordova.plist; sourceTree = "<group>"; };
		1CA9F04D15804A0000BF7AA6 /* AppDelegate.h */ = {isa = PBXFileReference; lastKnownFileType = sourcecode.c.h; name = AppDelegate.h; path = Classes/AppDelegate.h; sourceTree = "<group>"; };
		1CA9F04E15804A0000BF7AA6 /* AppDelegate.m */ = {isa = PBXFileReference; lastKnownFileType = sourcecode.c.objc; name = AppDelegate.m; path = Classes/AppDelegate.m; sourceTree = "<group>"; };
		1CA9F05015804A0000BF7AA6 /* MainViewController.h */ = {isa = PBXFileReference; lastKnownFileType = sourcecode.c.h; name = MainViewController.h; path = Classes/MainViewController.h; sourceTree = "<group>"; };
		1CA9F05115804A0000BF7AA6 /* MainViewController.m */ = {isa = PBXFileReference; lastKnownFileType = sourcecode.c.objc; name = MainViewController.m; path = Classes/MainViewController.m; sourceTree = "<group>"; };
		1CA9F05315804A0000BF7AA6 /* MainViewController.xib */ = {isa = PBXFileReference; lastKnownFileType = file.xib; name = MainViewController.xib; path = Classes/MainViewController.xib; sourceTree = "<group>"; };
		1CA9F05615804A0000BF7AA6 /* README */ = {isa = PBXFileReference; lastKnownFileType = text; name = README; path = Plugins/README; sourceTree = "<group>"; };
		1CA9F05715804A0000BF7AA6 /* verify.sh */ = {isa = PBXFileReference; lastKnownFileType = text.script.sh; path = verify.sh; sourceTree = "<group>"; };
		1CE88E5D15804BEC00A9D505 /* CDVBarcodeScanner.mm */ = {isa = PBXFileReference; fileEncoding = 4; lastKnownFileType = sourcecode.cpp.objcpp; name = CDVBarcodeScanner.mm; path = Plugins/CDVBarcodeScanner.mm; sourceTree = "<group>"; };
		1CE88E5E15804BEC00A9D505 /* zxing-all-in-one.cpp */ = {isa = PBXFileReference; fileEncoding = 4; lastKnownFileType = sourcecode.cpp.cpp; name = "zxing-all-in-one.cpp"; path = "Plugins/zxing-all-in-one.cpp"; sourceTree = "<group>"; };
		1CE88E5F15804BEC00A9D505 /* zxing-all-in-one.h */ = {isa = PBXFileReference; fileEncoding = 4; lastKnownFileType = sourcecode.c.h; name = "zxing-all-in-one.h"; path = "Plugins/zxing-all-in-one.h"; sourceTree = "<group>"; };
		1CE88E6215804C3D00A9D505 /* libiconv.dylib */ = {isa = PBXFileReference; lastKnownFileType = "compiled.mach-o.dylib"; name = libiconv.dylib; path = usr/lib/libiconv.dylib; sourceTree = SDKROOT; };
		1CE88E6415804C4600A9D505 /* CoreVideo.framework */ = {isa = PBXFileReference; lastKnownFileType = wrapper.framework; name = CoreVideo.framework; path = System/Library/Frameworks/CoreVideo.framework; sourceTree = SDKROOT; };
		1CE88E6615804CE100A9D505 /* AssetsLibrary.framework */ = {isa = PBXFileReference; lastKnownFileType = wrapper.framework; name = AssetsLibrary.framework; path = System/Library/Frameworks/AssetsLibrary.framework; sourceTree = SDKROOT; };
/* End PBXFileReference section */

/* Begin PBXFrameworksBuildPhase section */
		1CA9EFFC15804A0000BF7AA6 /* Frameworks */ = {
			isa = PBXFrameworksBuildPhase;
			buildActionMask = 2147483647;
			files = (
				1CE88E6715804CE100A9D505 /* AssetsLibrary.framework in Frameworks */,
				1CA9F01315804A0000BF7AA6 /* AVFoundation.framework in Frameworks */,
				1CE88E6515804C4600A9D505 /* CoreVideo.framework in Frameworks */,
				1CE88E6315804C3D00A9D505 /* libiconv.dylib in Frameworks */,
				1CA9F00715804A0000BF7AA6 /* Foundation.framework in Frameworks */,
				1CA9F00915804A0000BF7AA6 /* UIKit.framework in Frameworks */,
				1CA9F00B15804A0000BF7AA6 /* CoreGraphics.framework in Frameworks */,
				1CA9F00D15804A0000BF7AA6 /* AddressBook.framework in Frameworks */,
				1CA9F00F15804A0000BF7AA6 /* AddressBookUI.framework in Frameworks */,
				1CA9F01115804A0000BF7AA6 /* AudioToolbox.framework in Frameworks */,
				1CA9F01515804A0000BF7AA6 /* CoreLocation.framework in Frameworks */,
				1CA9F01715804A0000BF7AA6 /* MediaPlayer.framework in Frameworks */,
				1CA9F01915804A0000BF7AA6 /* QuartzCore.framework in Frameworks */,
				1CA9F01B15804A0000BF7AA6 /* SystemConfiguration.framework in Frameworks */,
				1CA9F01D15804A0000BF7AA6 /* MobileCoreServices.framework in Frameworks */,
				1CA9F01F15804A0000BF7AA6 /* CoreMedia.framework in Frameworks */,
				1CA9F02A15804A0000BF7AA6 /* Cordova.framework in Frameworks */,
			);
			runOnlyForDeploymentPostprocessing = 0;
		};
		1CA9EFFF15804A0000BF7AA6 /* Frameworks */ = {
			isa = PBXFrameworksBuildPhase;
			buildActionMask = 2147483647;
			files = (
			);
			runOnlyForDeploymentPostprocessing = 0;
		};
/* End PBXFrameworksBuildPhase section */

/* Begin PBXGroup section */
		1CA9EFF415804A0000BF7AA6 = {
			isa = PBXGroup;
			children = (
				1C51B2281580995C002E4B13 /* cordova */,
				1CE88E6615804CE100A9D505 /* AssetsLibrary.framework */,
				1CE88E6415804C4600A9D505 /* CoreVideo.framework */,
				1CE88E6215804C3D00A9D505 /* libiconv.dylib */,
				1CA9F02015804A0000BF7AA6 /* BoozeTrack */,
				1CA9F00515804A0000BF7AA6 /* Frameworks */,
				1CA9F00315804A0000BF7AA6 /* Products */,
			);
			sourceTree = "<group>";
		};
		1CA9F00315804A0000BF7AA6 /* Products */ = {
			isa = PBXGroup;
			children = (
				1CA9F00215804A0000BF7AA6 /* BoozeTrack.app */,
			);
			name = Products;
			sourceTree = "<group>";
		};
		1CA9F00515804A0000BF7AA6 /* Frameworks */ = {
			isa = PBXGroup;
			children = (
				1CA9F00615804A0000BF7AA6 /* Foundation.framework */,
				1CA9F00815804A0000BF7AA6 /* UIKit.framework */,
				1CA9F00A15804A0000BF7AA6 /* CoreGraphics.framework */,
				1CA9F00C15804A0000BF7AA6 /* AddressBook.framework */,
				1CA9F00E15804A0000BF7AA6 /* AddressBookUI.framework */,
				1CA9F01015804A0000BF7AA6 /* AudioToolbox.framework */,
				1CA9F01215804A0000BF7AA6 /* AVFoundation.framework */,
				1CA9F01415804A0000BF7AA6 /* CoreLocation.framework */,
				1CA9F01615804A0000BF7AA6 /* MediaPlayer.framework */,
				1CA9F01815804A0000BF7AA6 /* QuartzCore.framework */,
				1CA9F01A15804A0000BF7AA6 /* SystemConfiguration.framework */,
				1CA9F01C15804A0000BF7AA6 /* MobileCoreServices.framework */,
				1CA9F01E15804A0000BF7AA6 /* CoreMedia.framework */,
			);
			name = Frameworks;
			sourceTree = "<group>";
		};
		1CA9F02015804A0000BF7AA6 /* BoozeTrack */ = {
			isa = PBXGroup;
			children = (
				1CA9F02915804A0000BF7AA6 /* Cordova.framework */,
				1CA9F02B15804A0000BF7AA6 /* Resources */,
				1CA9F04C15804A0000BF7AA6 /* Classes */,
				1CA9F05515804A0000BF7AA6 /* Plugins */,
				1CA9F02115804A0000BF7AA6 /* Supporting Files */,
			);
			path = BoozeTrack;
			sourceTree = "<group>";
		};
		1CA9F02115804A0000BF7AA6 /* Supporting Files */ = {
			isa = PBXGroup;
			children = (
				1CA9F02215804A0000BF7AA6 /* BoozeTrack-Info.plist */,
				1CA9F02315804A0000BF7AA6 /* InfoPlist.strings */,
				1CA9F02615804A0000BF7AA6 /* main.m */,
				1CA9F02815804A0000BF7AA6 /* BoozeTrack-Prefix.pch */,
				1CA9F04A15804A0000BF7AA6 /* Cordova.plist */,
				1CA9F05315804A0000BF7AA6 /* MainViewController.xib */,
				1CA9F05715804A0000BF7AA6 /* verify.sh */,
			);
			name = "Supporting Files";
			sourceTree = "<group>";
		};
		1CA9F02B15804A0000BF7AA6 /* Resources */ = {
			isa = PBXGroup;
			children = (
				1CA9F04815804A0000BF7AA6 /* Capture.bundle */,
				1CA9F02C15804A0000BF7AA6 /* en.lproj */,
				1CA9F03015804A0000BF7AA6 /* es.lproj */,
				1CA9F03415804A0000BF7AA6 /* de.lproj */,
				1CA9F03815804A0000BF7AA6 /* se.lproj */,
				1CA9F03C15804A0000BF7AA6 /* icons */,
				1CA9F04315804A0000BF7AA6 /* splash */,
			);
			name = Resources;
			sourceTree = "<group>";
		};
		1CA9F02C15804A0000BF7AA6 /* en.lproj */ = {
			isa = PBXGroup;
			children = (
				1CA9F02D15804A0000BF7AA6 /* Localizable.strings */,
			);
			name = en.lproj;
			sourceTree = "<group>";
		};
		1CA9F03015804A0000BF7AA6 /* es.lproj */ = {
			isa = PBXGroup;
			children = (
				1CA9F03115804A0000BF7AA6 /* Localizable.strings */,
			);
			name = es.lproj;
			sourceTree = "<group>";
		};
		1CA9F03415804A0000BF7AA6 /* de.lproj */ = {
			isa = PBXGroup;
			children = (
				1CA9F03515804A0000BF7AA6 /* Localizable.strings */,
			);
			name = de.lproj;
			sourceTree = "<group>";
		};
		1CA9F03815804A0000BF7AA6 /* se.lproj */ = {
			isa = PBXGroup;
			children = (
				1CA9F03915804A0000BF7AA6 /* Localizable.strings */,
			);
			name = se.lproj;
			sourceTree = "<group>";
		};
		1CA9F03C15804A0000BF7AA6 /* icons */ = {
			isa = PBXGroup;
			children = (
				1CA9F03D15804A0000BF7AA6 /* icon.png */,
				1CA9F03F15804A0000BF7AA6 /* icon@2x.png */,
				1CA9F04115804A0000BF7AA6 /* icon-72.png */,
			);
			name = icons;
			sourceTree = "<group>";
		};
		1CA9F04315804A0000BF7AA6 /* splash */ = {
			isa = PBXGroup;
			children = (
				1CA9F04415804A0000BF7AA6 /* Default~iphone.png */,
				1CA9F04615804A0000BF7AA6 /* Default@2x~iphone.png */,
			);
			name = splash;
			sourceTree = "<group>";
		};
		1CA9F04C15804A0000BF7AA6 /* Classes */ = {
			isa = PBXGroup;
			children = (
				1CA9F04D15804A0000BF7AA6 /* AppDelegate.h */,
				1CA9F04E15804A0000BF7AA6 /* AppDelegate.m */,
				1CA9F05015804A0000BF7AA6 /* MainViewController.h */,
				1CA9F05115804A0000BF7AA6 /* MainViewController.m */,
			);
			name = Classes;
			sourceTree = "<group>";
		};
		1CA9F05515804A0000BF7AA6 /* Plugins */ = {
			isa = PBXGroup;
			children = (
				1CE88E5D15804BEC00A9D505 /* CDVBarcodeScanner.mm */,
				1CE88E5E15804BEC00A9D505 /* zxing-all-in-one.cpp */,
				1CE88E5F15804BEC00A9D505 /* zxing-all-in-one.h */,
				1CA9F05615804A0000BF7AA6 /* README */,
			);
			name = Plugins;
			sourceTree = "<group>";
		};
/* End PBXGroup section */

/* Begin PBXNativeTarget section */
		1CA9F00115804A0000BF7AA6 /* BoozeTrack */ = {
			isa = PBXNativeTarget;
			buildConfigurationList = 1CA9F05A15804A0000BF7AA6 /* Build configuration list for PBXNativeTarget "BoozeTrack" */;
			buildPhases = (
				1CA9EFFB15804A0000BF7AA6 /* Sources */,
				1CA9EFFC15804A0000BF7AA6 /* Frameworks */,
				1CA9EFFD15804A0000BF7AA6 /* Resources */,
				1CA9EFFE15804A0000BF7AA6 /* Sources */,
				1CA9EFFF15804A0000BF7AA6 /* Frameworks */,
				1CA9F00015804A0000BF7AA6 /* ShellScript */,
			);
			buildRules = (
			);
			dependencies = (
			);
			name = BoozeTrack;
			productName = BoozeTrack;
			productReference = 1CA9F00215804A0000BF7AA6 /* BoozeTrack.app */;
			productType = "com.apple.product-type.application";
		};
/* End PBXNativeTarget section */

/* Begin PBXProject section */
		1CA9EFF615804A0000BF7AA6 /* Project object */ = {
			isa = PBXProject;
			attributes = {
				LastUpgradeCheck = 0430;
			};
			buildConfigurationList = 1CA9EFF915804A0000BF7AA6 /* Build configuration list for PBXProject "BoozeTrack" */;
			compatibilityVersion = "Xcode 3.2";
			developmentRegion = English;
			hasScannedForEncodings = 0;
			knownRegions = (
				en,
				es,
				de,
				se,
			);
			mainGroup = 1CA9EFF415804A0000BF7AA6;
			productRefGroup = 1CA9F00315804A0000BF7AA6 /* Products */;
			projectDirPath = "";
			projectRoot = "";
			targets = (
				1CA9F00115804A0000BF7AA6 /* BoozeTrack */,
			);
		};
/* End PBXProject section */

/* Begin PBXResourcesBuildPhase section */
		1CA9EFFD15804A0000BF7AA6 /* Resources */ = {
			isa = PBXResourcesBuildPhase;
			buildActionMask = 2147483647;
			files = (
				1CA9F02515804A0000BF7AA6 /* InfoPlist.strings in Resources */,
				1CA9F02F15804A0000BF7AA6 /* Localizable.strings in Resources */,
				1CA9F03315804A0000BF7AA6 /* Localizable.strings in Resources */,
				1CA9F03715804A0000BF7AA6 /* Localizable.strings in Resources */,
				1CA9F03B15804A0000BF7AA6 /* Localizable.strings in Resources */,
				1CA9F03E15804A0000BF7AA6 /* icon.png in Resources */,
				1CA9F04015804A0000BF7AA6 /* icon@2x.png in Resources */,
				1CA9F04215804A0000BF7AA6 /* icon-72.png in Resources */,
				1CA9F04515804A0000BF7AA6 /* Default~iphone.png in Resources */,
				1CA9F04715804A0000BF7AA6 /* Default@2x~iphone.png in Resources */,
				1CA9F04915804A0000BF7AA6 /* Capture.bundle in Resources */,
				1CA9F04B15804A0000BF7AA6 /* Cordova.plist in Resources */,
				1CA9F05415804A0000BF7AA6 /* MainViewController.xib in Resources */,
				1C51B2291580995C002E4B13 /* cordova in Resources */,
			);
			runOnlyForDeploymentPostprocessing = 0;
		};
/* End PBXResourcesBuildPhase section */

/* Begin PBXShellScriptBuildPhase section */
		1CA9F00015804A0000BF7AA6 /* ShellScript */ = {
			isa = PBXShellScriptBuildPhase;
			buildActionMask = 2147483647;
			files = (
			);
			inputPaths = (
			);
			outputPaths = (
			);
			runOnlyForDeploymentPostprocessing = 0;
			shellPath = /bin/bash;
			shellScript = "\n\t\t\t\t\t\t\t\tchmod 755 \"$PROJECT_DIR/$PROJECT_NAME/verify.sh\"\n\t\t\t\t\t\t\t\t\"$PROJECT_DIR/$PROJECT_NAME/verify.sh\"\n\t\t\t\t\t";
		};
/* End PBXShellScriptBuildPhase section */

/* Begin PBXSourcesBuildPhase section */
		1CA9EFFB15804A0000BF7AA6 /* Sources */ = {
			isa = PBXSourcesBuildPhase;
			buildActionMask = 2147483647;
			files = (
				1CA9F02715804A0000BF7AA6 /* main.m in Sources */,
				1CA9F04F15804A0000BF7AA6 /* AppDelegate.m in Sources */,
				1CA9F05215804A0000BF7AA6 /* MainViewController.m in Sources */,
				1CE88E6015804BEC00A9D505 /* CDVBarcodeScanner.mm in Sources */,
				1CE88E6115804BEC00A9D505 /* zxing-all-in-one.cpp in Sources */,
			);
			runOnlyForDeploymentPostprocessing = 0;
		};
		1CA9EFFE15804A0000BF7AA6 /* Sources */ = {
			isa = PBXSourcesBuildPhase;
			buildActionMask = 2147483647;
			files = (
			);
			runOnlyForDeploymentPostprocessing = 0;
		};
/* End PBXSourcesBuildPhase section */

/* Begin PBXVariantGroup section */
		1CA9F02315804A0000BF7AA6 /* InfoPlist.strings */ = {
			isa = PBXVariantGroup;
			children = (
				1CA9F02415804A0000BF7AA6 /* en */,
			);
			name = InfoPlist.strings;
			sourceTree = "<group>";
		};
		1CA9F02D15804A0000BF7AA6 /* Localizable.strings */ = {
			isa = PBXVariantGroup;
			children = (
				1CA9F02E15804A0000BF7AA6 /* en */,
			);
			name = Localizable.strings;
			sourceTree = "<group>";
		};
		1CA9F03115804A0000BF7AA6 /* Localizable.strings */ = {
			isa = PBXVariantGroup;
			children = (
				1CA9F03215804A0000BF7AA6 /* es */,
			);
			name = Localizable.strings;
			sourceTree = "<group>";
		};
		1CA9F03515804A0000BF7AA6 /* Localizable.strings */ = {
			isa = PBXVariantGroup;
			children = (
				1CA9F03615804A0000BF7AA6 /* de */,
			);
			name = Localizable.strings;
			sourceTree = "<group>";
		};
		1CA9F03915804A0000BF7AA6 /* Localizable.strings */ = {
			isa = PBXVariantGroup;
			children = (
				1CA9F03A15804A0000BF7AA6 /* se */,
			);
			name = Localizable.strings;
			sourceTree = "<group>";
		};
/* End PBXVariantGroup section */

/* Begin XCBuildConfiguration section */
		1CA9F05815804A0000BF7AA6 /* Debug */ = {
			isa = XCBuildConfiguration;
			buildSettings = {
				ALWAYS_SEARCH_USER_PATHS = NO;
				ARCHS = (
					armv6,
					"$(ARCHS_STANDARD_32_BIT)",
				);
				"CODE_SIGN_IDENTITY[sdk=iphoneos*]" = "iPhone Developer";
				COPY_PHASE_STRIP = NO;
				GCC_C_LANGUAGE_STANDARD = gnu99;
				GCC_DYNAMIC_NO_PIC = NO;
				GCC_OPTIMIZATION_LEVEL = 0;
				GCC_PREPROCESSOR_DEFINITIONS = (
					"DEBUG=1",
					"$(inherited)",
				);
				GCC_SYMBOLS_PRIVATE_EXTERN = NO;
				GCC_THUMB_SUPPORT = NO;
				GCC_VERSION = com.apple.compilers.llvm.clang.1_0;
				GCC_WARN_ABOUT_RETURN_TYPE = YES;
				GCC_WARN_UNINITIALIZED_AUTOS = YES;
				GCC_WARN_UNUSED_VARIABLE = YES;
				IPHONEOS_DEPLOYMENT_TARGET = 3.0;
				SDKROOT = iphoneos;
			};
			name = Debug;
		};
		1CA9F05915804A0000BF7AA6 /* Release */ = {
			isa = XCBuildConfiguration;
			buildSettings = {
				ALWAYS_SEARCH_USER_PATHS = NO;
				ARCHS = (
					armv6,
					"$(ARCHS_STANDARD_32_BIT)",
				);
				"CODE_SIGN_IDENTITY[sdk=iphoneos*]" = "iPhone Developer";
				COPY_PHASE_STRIP = YES;
				GCC_C_LANGUAGE_STANDARD = gnu99;
				GCC_THUMB_SUPPORT = NO;
				GCC_VERSION = com.apple.compilers.llvm.clang.1_0;
				GCC_WARN_ABOUT_RETURN_TYPE = YES;
				GCC_WARN_UNINITIALIZED_AUTOS = YES;
				GCC_WARN_UNUSED_VARIABLE = YES;
				IPHONEOS_DEPLOYMENT_TARGET = 3.0;
				SDKROOT = iphoneos;
				VALIDATE_PRODUCT = YES;
			};
			name = Release;
		};
		1CA9F05B15804A0000BF7AA6 /* Debug */ = {
			isa = XCBuildConfiguration;
			buildSettings = {
				ALWAYS_SEARCH_USER_PATHS = YES;
				COPY_PHASE_STRIP = NO;
				FRAMEWORK_SEARCH_PATHS = /Users/Shared/Cordova/Frameworks;
				GCC_DYNAMIC_NO_PIC = NO;
				GCC_PRECOMPILE_PREFIX_HEADER = YES;
				GCC_PREFIX_HEADER = "BoozeTrack/BoozeTrack-Prefix.pch";
				GCC_PREPROCESSOR_DEFINITIONS = (
					"DEBUG=1,",
					"CORDOVA_FRAMEWORK=1",
				);
				GCC_THUMB_SUPPORT = NO;
				INFOPLIST_FILE = "BoozeTrack/BoozeTrack-Info.plist";
				OTHER_LDFLAGS = (
					"-weak_framework",
					UIKit,
					"-weak_framework",
					AVFoundation,
					"-weak_framework",
					CoreMedia,
					"-weak-lSystem",
				);
				PRODUCT_NAME = "$(TARGET_NAME)";
				TARGETED_DEVICE_FAMILY = 1;
				WRAPPER_EXTENSION = app;
			};
			name = Debug;
		};
		1CA9F05C15804A0000BF7AA6 /* Release */ = {
			isa = XCBuildConfiguration;
			buildSettings = {
				ALWAYS_SEARCH_USER_PATHS = YES;
				COPY_PHASE_STRIP = YES;
				DEBUG_INFORMATION_FORMAT = "dwarf-with-dsym";
				FRAMEWORK_SEARCH_PATHS = /Users/Shared/Cordova/Frameworks;
				GCC_PRECOMPILE_PREFIX_HEADER = YES;
				GCC_PREFIX_HEADER = "BoozeTrack/BoozeTrack-Prefix.pch";
				GCC_PREPROCESSOR_DEFINITIONS = (
					"NDEBUG=1,",
					"CORDOVA_FRAMEWORK=1",
				);
				GCC_THUMB_SUPPORT = NO;
				INFOPLIST_FILE = "BoozeTrack/BoozeTrack-Info.plist";
				OTHER_LDFLAGS = (
					"-weak_framework",
					UIKit,
					"-weak_framework",
					AVFoundation,
					"-weak_framework",
					CoreMedia,
					"-weak-lSystem",
				);
				PRODUCT_NAME = "$(TARGET_NAME)";
				TARGETED_DEVICE_FAMILY = 1;
				VALIDATE_PRODUCT = YES;
				WRAPPER_EXTENSION = app;
			};
			name = Release;
		};
/* End XCBuildConfiguration section */

/* Begin XCConfigurationList section */
		1CA9EFF915804A0000BF7AA6 /* Build configuration list for PBXProject "BoozeTrack" */ = {
			isa = XCConfigurationList;
			buildConfigurations = (
				1CA9F05815804A0000BF7AA6 /* Debug */,
				1CA9F05915804A0000BF7AA6 /* Release */,
			);
			defaultConfigurationIsVisible = 0;
			defaultConfigurationName = Release;
		};
		1CA9F05A15804A0000BF7AA6 /* Build configuration list for PBXNativeTarget "BoozeTrack" */ = {
			isa = XCConfigurationList;
			buildConfigurations = (
				1CA9F05B15804A0000BF7AA6 /* Debug */,
				1CA9F05C15804A0000BF7AA6 /* Release */,
			);
			defaultConfigurationIsVisible = 0;
			defaultConfigurationName = Release;
		};
/* End XCConfigurationList section */
	};
	rootObject = 1CA9EFF615804A0000BF7AA6 /* Project object */;
}
